
Microsoft Visual Studio Solution File, Format Version 12.00
# Visual Studio Version 16
VisualStudioVersion = 16.0.31613.86
MinimumVisualStudioVersion = 10.0.40219.1
Project("{FAE04EC0-301F-11D3-BF4B-00C04F79EFBC}") = "ZoomCarApplication", "ZoomCarApplication\ZoomCarApplication.csproj", "{6648C723-DD99-4E27-9CB6-0A4D0BF74E4D}"
EndProject
Project("{2150E333-8FDC-42A3-9474-1A3956D46DE8}") = "DBScripts", "DBScripts", "{7F3F25D2-7645-4389-A809-C992C81EBBD7}"
	ProjectSection(SolutionItems) = preProject
		CarDetails.sql = CarDetails.sql
	EndProjectSection
EndProject
Project("{FAE04EC0-301F-11D3-BF4B-00C04F79EFBC}") = "ZoomCarRentalProject", "ZoomCarRentalProject\ZoomCarRentalProject.csproj", "{BDC13796-D7B7-4F07-91EB-52782A711631}"
EndProject
Global
	GlobalSection(SolutionConfigurationPlatforms) = preSolution
		Debug|Any CPU = Debug|Any CPU
		Release|Any CPU = Release|Any CPU
	EndGlobalSection
	GlobalSection(ProjectConfigurationPlatforms) = postSolution
		{6648C723-DD99-4E27-9CB6-0A4D0BF74E4D}.Debug|Any CPU.ActiveCfg = Debug|Any CPU
		{6648C723-DD99-4E27-9CB6-0A4D0BF74E4D}.Debug|Any CPU.Build.0 = Debug|Any CPU
		{6648C723-DD99-4E27-9CB6-0A4D0BF74E4D}.Release|Any CPU.ActiveCfg = Release|Any CPU
		{6648C723-DD99-4E27-9CB6-0A4D0BF74E4D}.Release|Any CPU.Build.0 = Release|Any CPU
		{BDC13796-D7B7-4F07-91EB-52782A711631}.Debug|Any CPU.ActiveCfg = Debug|Any CPU
		{BDC13796-D7B7-4F07-91EB-52782A711631}.Debug|Any CPU.Build.0 = Debug|Any CPU
		{BDC13796-D7B7-4F07-91EB-52782A711631}.Release|Any CPU.ActiveCfg = Release|Any CPU
		{BDC13796-D7B7-4F07-91EB-52782A711631}.Release|Any CPU.Build.0 = Release|Any CPU
	EndGlobalSection
	GlobalSection(SolutionProperties) = preSolution
		HideSolutionNode = FALSE
	EndGlobalSection
	GlobalSection(ExtensibilityGlobals) = postSolution
		SolutionGuid = {CEA0766B-5E01-4F33-9292-E15E695A641B}
	EndGlobalSection
EndGlobal
